
Microsoft Visual Studio Solution File, Format Version 10.00
# Visual Studio 2008
Project("{FAE04EC0-301F-11D3-BF4B-00C04F79EFBC}") = "WatchDialog", "WatchDialog.csproj", "{789CD5DC-E53B-4399-80BD-BFBC4833E95E}"
EndProject
Global
	GlobalSection(SolutionConfigurationPlatforms) = preSolution
		Debug|Any CPU = Debug|Any CPU
		Release|Any CPU = Release|Any CPU
	EndGlobalSection
	GlobalSection(ProjectConfigurationPlatforms) = postSolution
		{789CD5DC-E53B-4399-80BD-BFBC4833E95E}.Debug|Any CPU.ActiveCfg = Debug|Any CPU
		{789CD5DC-E53B-4399-80BD-BFBC4833E95E}.Debug|Any CPU.Build.0 = Debug|Any CPU
		{789CD5DC-E53B-4399-80BD-BFBC4833E95E}.Release|Any CPU.ActiveCfg = Release|Any CPU
		{789CD5DC-E53B-4399-80BD-BFBC4833E95E}.Release|Any CPU.Build.0 = Release|Any CPU
	EndGlobalSection
	GlobalSection(SolutionProperties) = preSolution
		HideSolutionNode = FALSE
	EndGlobalSection
EndGlobal
